# generated by rye
# use `rye lock` or `rye sync` to update this lockfile
#
# last locked with the following flags:
#   pre: false
#   features: []
#   all-features: false

-e file:.
certifi==2024.2.2
charset-normalizer==3.3.2
coverage==7.4.1
idna==3.6
iniconfig==2.0.0
mypy==1.8.0
mypy-extensions==1.0.0
packaging==23.2
pluggy==1.4.0
pytest==8.0.0
pytest-cov==4.1.0
requests==2.31.0
requests-mock==1.11.0
six==1.16.0
types-requests==2.31.0.20240125
typing-extensions==4.9.0
urllib3==2.2.0
urlparse3==1.1
